
Microsoft Visual Studio Solution File, Format Version 12.00
# Visual Studio Version 17
VisualStudioVersion = 17.4.33110.190
MinimumVisualStudioVersion = 10.0.40219.1
Project("{FAE04EC0-301F-11D3-BF4B-00C04F79EFBC}") = "MvcSqlCrudOpt", "MvcSqlCrudOpt.csproj", "{7EC18849-FF12-41E0-B650-9DF351AA45E1}"
EndProject
Global
	GlobalSection(SolutionConfigurationPlatforms) = preSolution
		Debug|Any CPU = Debug|Any CPU
		Release|Any CPU = Release|Any CPU
	EndGlobalSection
	GlobalSection(ProjectConfigurationPlatforms) = postSolution
		{7EC18849-FF12-41E0-B650-9DF351AA45E1}.Debug|Any CPU.ActiveCfg = Debug|Any CPU
		{7EC18849-FF12-41E0-B650-9DF351AA45E1}.Debug|Any CPU.Build.0 = Debug|Any CPU
		{7EC18849-FF12-41E0-B650-9DF351AA45E1}.Release|Any CPU.ActiveCfg = Release|Any CPU
		{7EC18849-FF12-41E0-B650-9DF351AA45E1}.Release|Any CPU.Build.0 = Release|Any CPU
	EndGlobalSection
	GlobalSection(SolutionProperties) = preSolution
		HideSolutionNode = FALSE
	EndGlobalSection
	GlobalSection(ExtensibilityGlobals) = postSolution
		SolutionGuid = {8E544181-F1E4-4064-939A-A8B4B9EC8A9B}
	EndGlobalSection
EndGlobal
